
Microsoft Visual Studio Solution File, Format Version 12.00
# Visual Studio 15
VisualStudioVersion = 15.0.27428.2037
MinimumVisualStudioVersion = 10.0.40219.1
Project("{FAE04EC0-301F-11D3-BF4B-00C04F79EFBC}") = "CountryExercise", "CountryExercise\CountryExercise.csproj", "{0BE88D3F-4208-4A59-96DC-CA9932D9D7AF}"
EndProject
Global
	GlobalSection(SolutionConfigurationPlatforms) = preSolution
		Debug|Any CPU = Debug|Any CPU
		Release|Any CPU = Release|Any CPU
	EndGlobalSection
	GlobalSection(ProjectConfigurationPlatforms) = postSolution
		{0BE88D3F-4208-4A59-96DC-CA9932D9D7AF}.Debug|Any CPU.ActiveCfg = Debug|Any CPU
		{0BE88D3F-4208-4A59-96DC-CA9932D9D7AF}.Debug|Any CPU.Build.0 = Debug|Any CPU
		{0BE88D3F-4208-4A59-96DC-CA9932D9D7AF}.Release|Any CPU.ActiveCfg = Release|Any CPU
		{0BE88D3F-4208-4A59-96DC-CA9932D9D7AF}.Release|Any CPU.Build.0 = Release|Any CPU
	EndGlobalSection
	GlobalSection(SolutionProperties) = preSolution
		HideSolutionNode = FALSE
	EndGlobalSection
	GlobalSection(ExtensibilityGlobals) = postSolution
		SolutionGuid = {E1591533-1665-4E70-898E-3391AD9FD388}
	EndGlobalSection
EndGlobal
